
Microsoft Visual Studio Solution File, Format Version 12.00
# Visual Studio 15
VisualStudioVersion = 15.0.28307.329
MinimumVisualStudioVersion = 10.0.40219.1
Project("{159641D6-6404-4A2A-AE62-294DE0FE8301}") = "DragTimesSSIS", "DragTimesSSIS\DragTimesSSIS.dtproj", "{53532A0F-5BF9-496E-9A2F-12A1A5FB0F84}"
EndProject
Global
	GlobalSection(SolutionConfigurationPlatforms) = preSolution
		Development|Default = Development|Default
	EndGlobalSection
	GlobalSection(ProjectConfigurationPlatforms) = postSolution
		{53532A0F-5BF9-496E-9A2F-12A1A5FB0F84}.Development|Default.ActiveCfg = Development
		{53532A0F-5BF9-496E-9A2F-12A1A5FB0F84}.Development|Default.Build.0 = Development
	EndGlobalSection
	GlobalSection(SolutionProperties) = preSolution
		HideSolutionNode = FALSE
	EndGlobalSection
	GlobalSection(ExtensibilityGlobals) = postSolution
		SolutionGuid = {9AA8E12F-A2C1-4864-9679-8050FD4C5644}
	EndGlobalSection
EndGlobal
